
Microsoft Visual Studio Solution File, Format Version 12.00
# Visual Studio Version 16
VisualStudioVersion = 16.0.30517.126
MinimumVisualStudioVersion = 10.0.40219.1
Project("{9A19103F-16F7-4668-BE54-9A1E7A4F7556}") = "LinkDotNet.KanbanBoard.UI", "LinkDotNet.KanbanBoard.UI\LinkDotNet.KanbanBoard.UI.csproj", "{B7D4FB39-77DF-4736-AA0B-47EC156ECA23}"
EndProject
Project("{9A19103F-16F7-4668-BE54-9A1E7A4F7556}") = "LinkDotNet.KanbanBoard.Web", "LinkDotNet.KanbanBoard.Web\LinkDotNet.KanbanBoard.Web.csproj", "{1AA1D31C-2166-4339-B627-0F0BA9BAF149}"
EndProject
Project("{9A19103F-16F7-4668-BE54-9A1E7A4F7556}") = "LinkDotNet.KanbanBoard.Domain", "LinkDotNet.KanbanBoard.Domain\LinkDotNet.KanbanBoard.Domain.csproj", "{26E4FFFE-8AF9-46FE-A0B6-B20F0462E30A}"
EndProject
Project("{9A19103F-16F7-4668-BE54-9A1E7A4F7556}") = "LinkDotNet.KanbanBoard.UI.UnitTests", "LinkDotNet.KanbanBoard.UI.UnitTests\LinkDotNet.KanbanBoard.UI.UnitTests.csproj", "{FCFA285B-CBDB-496C-8A27-5DB7B9751EB2}"
EndProject
Global
	GlobalSection(SolutionConfigurationPlatforms) = preSolution
		Debug|Any CPU = Debug|Any CPU
		Release|Any CPU = Release|Any CPU
	EndGlobalSection
	GlobalSection(ProjectConfigurationPlatforms) = postSolution
		{B7D4FB39-77DF-4736-AA0B-47EC156ECA23}.Debug|Any CPU.ActiveCfg = Debug|Any CPU
		{B7D4FB39-77DF-4736-AA0B-47EC156ECA23}.Debug|Any CPU.Build.0 = Debug|Any CPU
		{B7D4FB39-77DF-4736-AA0B-47EC156ECA23}.Release|Any CPU.ActiveCfg = Release|Any CPU
		{B7D4FB39-77DF-4736-AA0B-47EC156ECA23}.Release|Any CPU.Build.0 = Release|Any CPU
		{1AA1D31C-2166-4339-B627-0F0BA9BAF149}.Debug|Any CPU.ActiveCfg = Debug|Any CPU
		{1AA1D31C-2166-4339-B627-0F0BA9BAF149}.Debug|Any CPU.Build.0 = Debug|Any CPU
		{1AA1D31C-2166-4339-B627-0F0BA9BAF149}.Release|Any CPU.ActiveCfg = Release|Any CPU
		{1AA1D31C-2166-4339-B627-0F0BA9BAF149}.Release|Any CPU.Build.0 = Release|Any CPU
		{26E4FFFE-8AF9-46FE-A0B6-B20F0462E30A}.Debug|Any CPU.ActiveCfg = Debug|Any CPU
		{26E4FFFE-8AF9-46FE-A0B6-B20F0462E30A}.Debug|Any CPU.Build.0 = Debug|Any CPU
		{26E4FFFE-8AF9-46FE-A0B6-B20F0462E30A}.Release|Any CPU.ActiveCfg = Release|Any CPU
		{26E4FFFE-8AF9-46FE-A0B6-B20F0462E30A}.Release|Any CPU.Build.0 = Release|Any CPU
		{FCFA285B-CBDB-496C-8A27-5DB7B9751EB2}.Debug|Any CPU.ActiveCfg = Debug|Any CPU
		{FCFA285B-CBDB-496C-8A27-5DB7B9751EB2}.Debug|Any CPU.Build.0 = Debug|Any CPU
		{FCFA285B-CBDB-496C-8A27-5DB7B9751EB2}.Release|Any CPU.ActiveCfg = Release|Any CPU
		{FCFA285B-CBDB-496C-8A27-5DB7B9751EB2}.Release|Any CPU.Build.0 = Release|Any CPU
	EndGlobalSection
	GlobalSection(SolutionProperties) = preSolution
		HideSolutionNode = FALSE
	EndGlobalSection
	GlobalSection(ExtensibilityGlobals) = postSolution
		SolutionGuid = {23992329-B88C-43CC-9D46-5F31E81B4AF3}
	EndGlobalSection
EndGlobal
